{
  "version": 4,
  "terraform_version": "1.14.0",
  "serial": 28,
  "lineage": "94e19477-e766-d340-059c-e7315b38907e",
  "outputs": {
    "mydroplet_ipv4": {
      "value": "165.22.253.136",
      "type": "string"
    }
  },
  "resources": [
    {
      "mode": "data",
      "type": "digitalocean_ssh_key",
      "name": "fred",
      "provider": "provider[\"registry.terraform.io/digitalocean/digitalocean\"]",
      "instances": [
        {
          "schema_version": 0,
          "attributes": {
            "fingerprint": "32:2a:a6:1b:f0:f2:7e:e8:1a:3e:a6:b0:44:88:d9:90",
            "id": 52368442,
            "name": "fred",
            "public_key": "ssh-ed25519 AAAAC3NzaC1lZDI1NTE5AAAAIBGltJsabpl2/JzWTeNGqpw4v9CfO6YRBt8q34bY1HcB fred-mac-key"
          },
          "sensitive_attributes": [],
          "identity_schema_version": 0
        }
      ]
    },
    {
      "mode": "managed",
      "type": "digitalocean_droplet",
      "name": "mydroplet",
      "provider": "provider[\"registry.terraform.io/digitalocean/digitalocean\"]",
      "instances": [
        {
          "schema_version": 1,
          "attributes": {
            "backup_policy": [],
            "backups": false,
            "created_at": "2025-12-03T09:08:52Z",
            "disk": 25,
            "droplet_agent": null,
            "graceful_shutdown": false,
            "id": "534187954",
            "image": "ubuntu-24-04-x64",
            "ipv4_address": "165.22.253.136",
            "ipv4_address_private": "10.104.0.3",
            "ipv6": false,
            "ipv6_address": "",
            "locked": false,
            "memory": 1024,
            "monitoring": false,
            "name": "mydroplet",
            "price_hourly": 0.00893,
            "price_monthly": 6,
            "private_networking": true,
            "region": "sgp1",
            "resize_disk": true,
            "size": "s-1vcpu-1gb",
            "ssh_keys": [
              "52368442"
            ],
            "status": "active",
            "tags": [],
            "timeouts": null,
            "urn": "do:droplet:534187954",
            "user_data": null,
            "vcpus": 1,
            "volume_ids": [],
            "vpc_uuid": "dafc1027-5122-419a-845a-053863e99b1e"
          },
          "sensitive_attributes": [],
          "identity_schema_version": 0,
          "private": "eyJlMmJmYjczMC1lY2FhLTExZTYtOGY4OC0zNDM2M2JjN2M0YzAiOnsiY3JlYXRlIjozNjAwMDAwMDAwMDAwLCJkZWxldGUiOjYwMDAwMDAwMDAwLCJ1cGRhdGUiOjM2MDAwMDAwMDAwMDB9LCJzY2hlbWFfdmVyc2lvbiI6IjEifQ==",
          "dependencies": [
            "data.digitalocean_ssh_key.fred"
          ]
        }
      ]
    }
  ],
  "check_results": null
}
