{
  "version": 4,
  "terraform_version": "1.14.0",
  "serial": 29,
  "lineage": "b6e8b64a-3a11-3172-3a71-da5eaea4dc6e",
  "outputs": {
    "fred_ssh_key_finger_print": {
      "value": "32:2a:a6:1b:f0:f2:7e:e8:1a:3e:a6:b0:44:88:d9:90",
      "type": "string"
    },
    "mydroplet_ipv4": {
      "value": "129.212.239.4",
      "type": "string"
    }
  },
  "resources": [
    {
      "mode": "data",
      "type": "digitalocean_ssh_key",
      "name": "fred",
      "provider": "provider[\"registry.terraform.io/digitalocean/digitalocean\"]",
      "instances": [
        {
          "schema_version": 0,
          "attributes": {
            "fingerprint": "32:2a:a6:1b:f0:f2:7e:e8:1a:3e:a6:b0:44:88:d9:90",
            "id": 52368442,
            "name": "fred",
            "public_key": "ssh-ed25519 AAAAC3NzaC1lZDI1NTE5AAAAIBGltJsabpl2/JzWTeNGqpw4v9CfO6YRBt8q34bY1HcB fred-mac-key"
          },
          "sensitive_attributes": [],
          "identity_schema_version": 0
        }
      ]
    },
    {
      "mode": "managed",
      "type": "digitalocean_droplet",
      "name": "mydroplet",
      "provider": "provider[\"registry.terraform.io/digitalocean/digitalocean\"]",
      "instances": [
        {
          "schema_version": 1,
          "attributes": {
            "backup_policy": [],
            "backups": false,
            "created_at": "2025-12-04T08:46:05Z",
            "disk": 80,
            "droplet_agent": null,
            "graceful_shutdown": false,
            "id": "534446209",
            "image": "ubuntu-24-04-x64",
            "ipv4_address": "129.212.239.4",
            "ipv4_address_private": "10.104.0.4",
            "ipv6": false,
            "ipv6_address": "",
            "locked": false,
            "memory": 4096,
            "monitoring": false,
            "name": "mydroplet",
            "price_hourly": 0.03571,
            "price_monthly": 24,
            "private_networking": true,
            "region": "sgp1",
            "resize_disk": true,
            "size": "s-2vcpu-4gb",
            "ssh_keys": [
              "52368442"
            ],
            "status": "active",
            "tags": null,
            "timeouts": null,
            "urn": "do:droplet:534446209",
            "user_data": null,
            "vcpus": 2,
            "volume_ids": [],
            "vpc_uuid": "dafc1027-5122-419a-845a-053863e99b1e"
          },
          "sensitive_attributes": [],
          "identity_schema_version": 0,
          "private": "eyJlMmJmYjczMC1lY2FhLTExZTYtOGY4OC0zNDM2M2JjN2M0YzAiOnsiY3JlYXRlIjozNjAwMDAwMDAwMDAwLCJkZWxldGUiOjYwMDAwMDAwMDAwLCJ1cGRhdGUiOjM2MDAwMDAwMDAwMDB9LCJzY2hlbWFfdmVyc2lvbiI6IjEifQ==",
          "dependencies": [
            "data.digitalocean_ssh_key.fred"
          ]
        }
      ]
    },
    {
      "mode": "managed",
      "type": "local_file",
      "name": "ansible_inventory",
      "provider": "provider[\"registry.terraform.io/hashicorp/local\"]",
      "instances": [
        {
          "schema_version": 0,
          "attributes": {
            "content": "all:\n  vars:\n    ansible_user: root\n    ansible_connection: ssh\n    ansible_python_interpreter: \"/usr/bin/python3\"\n    ansible_ssh_private_key_file: \"/home/fred/.ssh/id_ed25519_fred\"\n    code_server_password: \"changeit\"\n\n  hosts:\n    code-server-droplet:\n      ansible_host: \"129.212.239.4\"",
            "content_base64": null,
            "content_base64sha256": "LSs1d+9hBHac2ArMgTlQmLe6cDrcruOuVlSqgcFFOuk=",
            "content_base64sha512": "XIv+bNt14yyvWvDR2SmxBJYkefuFzbRv7ZEa4RXyWpYxJ6zk/E7tHwUFn36ru9FXkAt0VtBk09mZWGH+ps2gRA==",
            "content_md5": "fc59e94590f6f88b14487c73d88db758",
            "content_sha1": "f2edd39cf3a1d4cd45ef95f23238045851f8e0c1",
            "content_sha256": "2d2b3577ef6104769cd80acc81395098b7ba703adcaee3ae5654aa81c1453ae9",
            "content_sha512": "5c8bfe6cdb75e32caf5af0d1d929b104962479fb85cdb46fed911ae115f25a963127ace4fc4eed1f05059f7eabbbd157900b7456d064d3d9995861fea6cda044",
            "directory_permission": "0777",
            "file_permission": "0644",
            "filename": "./inventory.yaml",
            "id": "f2edd39cf3a1d4cd45ef95f23238045851f8e0c1",
            "sensitive_content": null,
            "source": null
          },
          "sensitive_attributes": [
            [
              {
                "type": "get_attr",
                "value": "content"
              }
            ],
            [
              {
                "type": "get_attr",
                "value": "sensitive_content"
              }
            ]
          ],
          "identity_schema_version": 0,
          "dependencies": [
            "data.digitalocean_ssh_key.fred",
            "digitalocean_droplet.mydroplet"
          ]
        }
      ]
    }
  ],
  "check_results": null
}
